
Microsoft Visual Studio Solution File, Format Version 12.00
# Visual Studio Version 17
VisualStudioVersion = 17.11.35222.181
MinimumVisualStudioVersion = 10.0.40219.1
Project("{9A19103F-16F7-4668-BE54-9A1E7A4F7556}") = "HuyLebron.Web", "HuyLebron\HuyLebron.Web.csproj", "{5E46326E-7054-4D52-A0FB-5DD19CC4BA69}"
EndProject
Global
	GlobalSection(SolutionConfigurationPlatforms) = preSolution
		Debug|Any CPU = Debug|Any CPU
		Release|Any CPU = Release|Any CPU
	EndGlobalSection
	GlobalSection(ProjectConfigurationPlatforms) = postSolution
		{5E46326E-7054-4D52-A0FB-5DD19CC4BA69}.Debug|Any CPU.ActiveCfg = Debug|Any CPU
		{5E46326E-7054-4D52-A0FB-5DD19CC4BA69}.Debug|Any CPU.Build.0 = Debug|Any CPU
		{5E46326E-7054-4D52-A0FB-5DD19CC4BA69}.Release|Any CPU.ActiveCfg = Release|Any CPU
		{5E46326E-7054-4D52-A0FB-5DD19CC4BA69}.Release|Any CPU.Build.0 = Release|Any CPU
	EndGlobalSection
	GlobalSection(SolutionProperties) = preSolution
		HideSolutionNode = FALSE
	EndGlobalSection
	GlobalSection(ExtensibilityGlobals) = postSolution
		SolutionGuid = {24285E6E-0E4B-4964-BD9B-90EEC5EEDF21}
	EndGlobalSection
EndGlobal
